
Microsoft Visual Studio Solution File, Format Version 12.00
# Visual Studio Version 17
VisualStudioVersion = 17.0.32014.148
MinimumVisualStudioVersion = 10.0.40219.1
Project("{FAE04EC0-301F-11D3-BF4B-00C04F79EFBC}") = "WpfApp18", "WpfApp18\WpfApp18.csproj", "{84809237-C535-4F2E-A995-55273AF46E85}"
EndProject
Global
	GlobalSection(SolutionConfigurationPlatforms) = preSolution
		Debug|Any CPU = Debug|Any CPU
		Release|Any CPU = Release|Any CPU
	EndGlobalSection
	GlobalSection(ProjectConfigurationPlatforms) = postSolution
		{84809237-C535-4F2E-A995-55273AF46E85}.Debug|Any CPU.ActiveCfg = Debug|Any CPU
		{84809237-C535-4F2E-A995-55273AF46E85}.Debug|Any CPU.Build.0 = Debug|Any CPU
		{84809237-C535-4F2E-A995-55273AF46E85}.Release|Any CPU.ActiveCfg = Release|Any CPU
		{84809237-C535-4F2E-A995-55273AF46E85}.Release|Any CPU.Build.0 = Release|Any CPU
	EndGlobalSection
	GlobalSection(SolutionProperties) = preSolution
		HideSolutionNode = FALSE
	EndGlobalSection
	GlobalSection(ExtensibilityGlobals) = postSolution
		SolutionGuid = {D9DE58FB-CD3B-49D7-B4E8-E2467BA153A9}
	EndGlobalSection
EndGlobal
